<?xml version="1.0" encoding="utf-8"?>
<Project ToolsVersion="4.0" xmlns="http://schemas.microsoft.com/developer/msbuild/2003">
  <ItemGroup>
    <Filter Include="Source Files">
      <UniqueIdentifier>{4FC737F1-C7A5-4376-A066-2A32D752A2FF}</UniqueIdentifier>
      <Extensions>cpp;c;cc;cxx;c++;cppm;ixx;def;odl;idl;hpj;bat;asm;asmx</Extensions>
    </Filter>
    <Filter Include="Header Files">
      <UniqueIdentifier>{93995380-89BD-4b04-88EB-625FBE52EBFB}</UniqueIdentifier>
      <Extensions>h;hh;hpp;hxx;h++;hm;inl;inc;ipp;xsd</Extensions>
    </Filter>
    <Filter Include="Resource Files">
      <UniqueIdentifier>{67DA6AB6-F800-4c08-8B7A-83BB121AAD01}</UniqueIdentifier>
      <Extensions>rc;ico;cur;bmp;dlg;rc2;rct;bin;rgs;gif;jpg;jpeg;jpe;resx;tiff;tif;png;wav;mfcribbon-ms</Extensions>
    </Filter>
    <Filter Include="Classes">
      <UniqueIdentifier>{ff6489ed-970a-4cfd-bae8-96b69b4de537}</UniqueIdentifier>
    </Filter>
    <Filter Include="Classes\Barbarian">
      <UniqueIdentifier>{6a1f4970-a1cc-46af-8a69-db751bf4a77f}</UniqueIdentifier>
    </Filter>
    <Filter Include="Classes\Bard">
      <UniqueIdentifier>{e47a342c-421a-4f6a-a668-94252ad6eb04}</UniqueIdentifier>
    </Filter>
    <Filter Include="Classes\Cleric">
      <UniqueIdentifier>{2e45dff9-40f4-4a24-b59f-d39c4fb0d403}</UniqueIdentifier>
    </Filter>
    <Filter Include="Classes\Wizard">
      <UniqueIdentifier>{fcd4458c-4ca3-425a-ab23-ae54d5c0d3d8}</UniqueIdentifier>
    </Filter>
    <Filter Include="Classes\Fighter">
      <UniqueIdentifier>{e067fae1-98ff-444e-940b-da41e4465e93}</UniqueIdentifier>
    </Filter>
    <Filter Include="Classes\Druid">
      <UniqueIdentifier>{1130f140-0573-4075-8b65-b93b8c139d27}</UniqueIdentifier>
    </Filter>
    <Filter Include="Classes\Warlock">
      <UniqueIdentifier>{ece84076-caa5-4982-bb3c-8928afad9e31}</UniqueIdentifier>
    </Filter>
  </ItemGroup>
  <ItemGroup>
    <ClCompile Include="NPCPlusPlus.cpp">
      <Filter>Source Files</Filter>
    </ClCompile>
    <ClCompile Include="Classes\Barbarian\Barbarian.cpp">
      <Filter>Source Files</Filter>
    </ClCompile>
    <ClCompile Include="Classes\Bard\Bard.cpp">
      <Filter>Source Files</Filter>
    </ClCompile>
    <ClCompile Include="Classes\Character\Character.cpp">
      <Filter>Source Files</Filter>
    </ClCompile>
    <ClCompile Include="Classes\Cleric\Cleric.cpp">
      <Filter>Source Files</Filter>
    </ClCompile>
    <ClCompile Include="Classes\Druid\Druid.cpp">
      <Filter>Source Files</Filter>
    </ClCompile>
    <ClCompile Include="Classes\Fighter\Fighter.cpp">
      <Filter>Source Files</Filter>
    </ClCompile>
    <ClCompile Include="Classes\Warlock\Warlock.cpp">
      <Filter>Source Files</Filter>
    </ClCompile>
    <ClCompile Include="Classes\Wizard\Wizard.cpp">
      <Filter>Source Files</Filter>
    </ClCompile>
    <ClCompile Include="Tools\TheDiceBag\TheDiceBag.cpp">
      <Filter>Source Files</Filter>
    </ClCompile>
    <ClCompile Include="Tools\UI\UI.cpp">
      <Filter>Source Files</Filter>
    </ClCompile>
    <ClCompile Include="Tools\Utils\Utils.cpp">
      <Filter>Source Files</Filter>
    </ClCompile>
  </ItemGroup>
  <ItemGroup>
    <ClInclude Include="enums.h">
      <Filter>Header Files</Filter>
    </ClInclude>
    <ClInclude Include="TheDiceBag.h">
      <Filter>Header Files</Filter>
    </ClInclude>
    <ClInclude Include="Utils.h">
      <Filter>Header Files</Filter>
    </ClInclude>
    <ClInclude Include="Character.h">
      <Filter>Header Files</Filter>
    </ClInclude>
    <ClInclude Include="UI.h">
      <Filter>Header Files</Filter>
    </ClInclude>
    <ClInclude Include="Structs.h">
      <Filter>Header Files</Filter>
    </ClInclude>
    <ClInclude Include="Classes\Barbarian\Barbarian.h">
      <Filter>Header Files</Filter>
    </ClInclude>
    <ClInclude Include="Classes\Bard\Bard.h">
      <Filter>Header Files</Filter>
    </ClInclude>
    <ClInclude Include="Classes\Character\Character.h">
      <Filter>Header Files</Filter>
    </ClInclude>
    <ClInclude Include="Classes\Cleric\Cleric.h">
      <Filter>Header Files</Filter>
    </ClInclude>
    <ClInclude Include="Classes\Druid\Druid.h">
      <Filter>Header Files</Filter>
    </ClInclude>
    <ClInclude Include="Classes\Fighter\Fighter.h">
      <Filter>Header Files</Filter>
    </ClInclude>
    <ClInclude Include="Classes\Warlock\Warlock.h">
      <Filter>Header Files</Filter>
    </ClInclude>
    <ClInclude Include="Classes\Wizard\Wizard.h">
      <Filter>Header Files</Filter>
    </ClInclude>
    <ClInclude Include="Tools\Misc\enums.h">
      <Filter>Header Files</Filter>
    </ClInclude>
    <ClInclude Include="Tools\Misc\Structs.h">
      <Filter>Header Files</Filter>
    </ClInclude>
    <ClInclude Include="Tools\TheDiceBag\TheDiceBag.h">
      <Filter>Header Files</Filter>
    </ClInclude>
    <ClInclude Include="Tools\UI\UI.h">
      <Filter>Header Files</Filter>
    </ClInclude>
    <ClInclude Include="Tools\Utils\Utils.h">
      <Filter>Header Files</Filter>
    </ClInclude>
  </ItemGroup>
</Project>