<?xml version="1.0" encoding="utf-8"?>
<Project ToolsVersion="4.0" xmlns="http://schemas.microsoft.com/developer/msbuild/2003">
  <ItemGroup>
    <Filter Include="Source Files">
      <UniqueIdentifier>{4FC737F1-C7A5-4376-A066-2A32D752A2FF}</UniqueIdentifier>
      <Extensions>cpp;c;cc;cxx;c++;cppm;ixx;def;odl;idl;hpj;bat;asm;asmx</Extensions>
    </Filter>
    <Filter Include="Header Files">
      <UniqueIdentifier>{93995380-89BD-4b04-88EB-625FBE52EBFB}</UniqueIdentifier>
      <Extensions>h;hh;hpp;hxx;h++;hm;inl;inc;ipp;xsd</Extensions>
    </Filter>
    <Filter Include="Resource Files">
      <UniqueIdentifier>{67DA6AB6-F800-4c08-8B7A-83BB121AAD01}</UniqueIdentifier>
      <Extensions>rc;ico;cur;bmp;dlg;rc2;rct;bin;rgs;gif;jpg;jpeg;jpe;resx;tiff;tif;png;wav;mfcribbon-ms</Extensions>
    </Filter>
    <Filter Include="Classes">
      <UniqueIdentifier>{ff6489ed-970a-4cfd-bae8-96b69b4de537}</UniqueIdentifier>
    </Filter>
    <Filter Include="Classes\Barbarian">
      <UniqueIdentifier>{6a1f4970-a1cc-46af-8a69-db751bf4a77f}</UniqueIdentifier>
    </Filter>
    <Filter Include="Classes\Bard">
      <UniqueIdentifier>{e47a342c-421a-4f6a-a668-94252ad6eb04}</UniqueIdentifier>
    </Filter>
    <Filter Include="Classes\Cleric">
      <UniqueIdentifier>{2e45dff9-40f4-4a24-b59f-d39c4fb0d403}</UniqueIdentifier>
    </Filter>
    <Filter Include="Classes\Wizard">
      <UniqueIdentifier>{fcd4458c-4ca3-425a-ab23-ae54d5c0d3d8}</UniqueIdentifier>
    </Filter>
    <Filter Include="Classes\Fighter">
      <UniqueIdentifier>{e067fae1-98ff-444e-940b-da41e4465e93}</UniqueIdentifier>
    </Filter>
    <Filter Include="Classes\Druid">
      <UniqueIdentifier>{1130f140-0573-4075-8b65-b93b8c139d27}</UniqueIdentifier>
    </Filter>
    <Filter Include="Classes\Warlock">
      <UniqueIdentifier>{ece84076-caa5-4982-bb3c-8928afad9e31}</UniqueIdentifier>
    </Filter>
    <Filter Include="Classes\Character">
      <UniqueIdentifier>{5aa7a181-cd14-4e48-ae6f-296ab49b8a20}</UniqueIdentifier>
    </Filter>
    <Filter Include="Tools">
      <UniqueIdentifier>{578bf6ff-3706-43c9-bd3b-9ed51151a9b4}</UniqueIdentifier>
    </Filter>
    <Filter Include="Tools\UI">
      <UniqueIdentifier>{7cc3f020-99f4-4cfb-b83e-bbd91251d0a6}</UniqueIdentifier>
    </Filter>
    <Filter Include="Tools\Utils">
      <UniqueIdentifier>{6aba3cdd-24bd-497b-b9b7-a2e25fc4af8c}</UniqueIdentifier>
    </Filter>
    <Filter Include="Tools\TheDiceBag">
      <UniqueIdentifier>{bcc3c332-dba9-4960-8eb3-ec515aec74fa}</UniqueIdentifier>
    </Filter>
    <Filter Include="Tools\Misc">
      <UniqueIdentifier>{26c77a39-8641-4ea3-a073-b6e375412bbb}</UniqueIdentifier>
    </Filter>
    <Filter Include="Classes\Sorcerer">
      <UniqueIdentifier>{df13bcfc-7cd6-4c32-817f-fa2d439493b3}</UniqueIdentifier>
    </Filter>
    <Filter Include="Classes\Monk">
      <UniqueIdentifier>{44a6f7b9-cc14-4d3f-803e-17c402ea2e3f}</UniqueIdentifier>
    </Filter>
    <Filter Include="Classes\Ranger">
      <UniqueIdentifier>{a979a1ce-2ea1-4c02-a4f6-6aff221046b2}</UniqueIdentifier>
    </Filter>
    <Filter Include="Classes\Paladin">
      <UniqueIdentifier>{9fdced58-62ad-49b7-bc1e-3f3a15a83add}</UniqueIdentifier>
    </Filter>
    <Filter Include="Classes\Rogue">
      <UniqueIdentifier>{73feb31f-1a8a-4599-a368-ac43a1c9b59f}</UniqueIdentifier>
    </Filter>
    <Filter Include="Classes\Artificer">
      <UniqueIdentifier>{0cc8744f-1560-49e7-82e7-e9044c9b9d1f}</UniqueIdentifier>
    </Filter>
  </ItemGroup>
  <ItemGroup>
    <ClCompile Include="NPCPlusPlus.cpp">
      <Filter>Source Files</Filter>
    </ClCompile>
    <ClCompile Include="Classes\Barbarian\Barbarian.cpp">
      <Filter>Classes\Barbarian</Filter>
    </ClCompile>
    <ClCompile Include="Classes\Bard\Bard.cpp">
      <Filter>Classes\Bard</Filter>
    </ClCompile>
    <ClCompile Include="Classes\Cleric\Cleric.cpp">
      <Filter>Classes\Cleric</Filter>
    </ClCompile>
    <ClCompile Include="Classes\Warlock\Warlock.cpp">
      <Filter>Classes\Warlock</Filter>
    </ClCompile>
    <ClCompile Include="Classes\Wizard\Wizard.cpp">
      <Filter>Classes\Wizard</Filter>
    </ClCompile>
    <ClCompile Include="Classes\Druid\Druid.cpp">
      <Filter>Classes\Druid</Filter>
    </ClCompile>
    <ClCompile Include="Classes\Fighter\Fighter.cpp">
      <Filter>Classes\Fighter</Filter>
    </ClCompile>
    <ClCompile Include="Classes\Character\Character.cpp">
      <Filter>Classes\Character</Filter>
    </ClCompile>
    <ClCompile Include="Tools\TheDiceBag\TheDiceBag.cpp">
      <Filter>Tools\TheDiceBag</Filter>
    </ClCompile>
    <ClCompile Include="Tools\UI\UI.cpp">
      <Filter>Tools\UI</Filter>
    </ClCompile>
    <ClCompile Include="Tools\Utils\Utils.cpp">
      <Filter>Tools\Utils</Filter>
    </ClCompile>
    <ClCompile Include="Classes\Paladin\Paladin.cpp">
      <Filter>Classes\Paladin</Filter>
    </ClCompile>
    <ClCompile Include="Classes\Artificer\Artificer.cpp">
      <Filter>Classes\Artificer</Filter>
    </ClCompile>
    <ClCompile Include="Classes\Monk\Monk.cpp">
      <Filter>Classes\Monk</Filter>
    </ClCompile>
    <ClCompile Include="Classes\Ranger\Ranger.cpp">
      <Filter>Classes\Ranger</Filter>
    </ClCompile>
    <ClCompile Include="Classes\Rogue\Rogue.cpp">
      <Filter>Classes\Rogue</Filter>
    </ClCompile>
    <ClCompile Include="Classes\Sorcerer\Sorcerer.cpp">
      <Filter>Classes\Sorcerer</Filter>
    </ClCompile>
    <ClCompile Include="Helper.cpp">
      <Filter>Source Files</Filter>
    </ClCompile>
  </ItemGroup>
  <ItemGroup>
    <ClInclude Include="Classes\Barbarian\Barbarian.h">
      <Filter>Classes\Barbarian</Filter>
    </ClInclude>
    <ClInclude Include="Classes\Bard\Bard.h">
      <Filter>Classes\Bard</Filter>
    </ClInclude>
    <ClInclude Include="Classes\Cleric\Cleric.h">
      <Filter>Classes\Cleric</Filter>
    </ClInclude>
    <ClInclude Include="Classes\Druid\Druid.h">
      <Filter>Classes\Druid</Filter>
    </ClInclude>
    <ClInclude Include="Classes\Fighter\Fighter.h">
      <Filter>Classes\Fighter</Filter>
    </ClInclude>
    <ClInclude Include="Classes\Warlock\Warlock.h">
      <Filter>Classes\Warlock</Filter>
    </ClInclude>
    <ClInclude Include="Classes\Wizard\Wizard.h">
      <Filter>Classes\Wizard</Filter>
    </ClInclude>
    <ClInclude Include="Classes\Character\Character.h">
      <Filter>Classes\Character</Filter>
    </ClInclude>
    <ClInclude Include="Tools\Misc\enums.h">
      <Filter>Tools\Misc</Filter>
    </ClInclude>
    <ClInclude Include="Tools\Misc\Structs.h">
      <Filter>Tools\Misc</Filter>
    </ClInclude>
    <ClInclude Include="Tools\TheDiceBag\TheDiceBag.h">
      <Filter>Tools\TheDiceBag</Filter>
    </ClInclude>
    <ClInclude Include="Tools\UI\UI.h">
      <Filter>Tools\UI</Filter>
    </ClInclude>
    <ClInclude Include="Tools\Utils\Utils.h">
      <Filter>Tools\Utils</Filter>
    </ClInclude>
    <ClInclude Include="Classes\Paladin\Paladin.h">
      <Filter>Classes\Paladin</Filter>
    </ClInclude>
    <ClInclude Include="Classes\Artificer\Artificer.h">
      <Filter>Classes\Artificer</Filter>
    </ClInclude>
    <ClInclude Include="Classes\Monk\Monk.h">
      <Filter>Classes\Monk</Filter>
    </ClInclude>
    <ClInclude Include="Classes\Ranger\Ranger.h">
      <Filter>Classes\Ranger</Filter>
    </ClInclude>
    <ClInclude Include="Classes\Rogue\Rogue.h">
      <Filter>Classes\Rogue</Filter>
    </ClInclude>
    <ClInclude Include="Classes\Sorcerer\Sorcerer.h">
      <Filter>Classes\Sorcerer</Filter>
    </ClInclude>
    <ClInclude Include="Helper.h">
      <Filter>Header Files</Filter>
    </ClInclude>
  </ItemGroup>
</Project>